// !$*UTF8*$!
{
	archiveVersion = 1;
	classes = {
	};
	objectVersion = 46;
	objects = {

/* Begin PBXBuildFile section */
		4F81F8A419C36BE7000F58D7 /* Foundation.framework in Frameworks */ = {isa = PBXBuildFile; fileRef = 4F81F8A319C36BE7000F58D7 /* Foundation.framework */; };
		4F81F8A619C36BE7000F58D7 /* CoreGraphics.framework in Frameworks */ = {isa = PBXBuildFile; fileRef = 4F81F8A519C36BE7000F58D7 /* CoreGraphics.framework */; };
		4F81F8A819C36BE7000F58D7 /* UIKit.framework in Frameworks */ = {isa = PBXBuildFile; fileRef = 4F81F8A719C36BE7000F58D7 /* UIKit.framework */; };
		4F81F8AE19C36BE7000F58D7 /* InfoPlist.strings in Resources */ = {isa = PBXBuildFile; fileRef = 4F81F8AC19C36BE7000F58D7 /* InfoPlist.strings */; };
		4F81F8B019C36BE7000F58D7 /* main.m in Sources */ = {isa = PBXBuildFile; fileRef = 4F81F8AF19C36BE7000F58D7 /* main.m */; };
		4F81F8B419C36BE7000F58D7 /* AppDelegate.m in Sources */ = {isa = PBXBuildFile; fileRef = 4F81F8B319C36BE7000F58D7 /* AppDelegate.m */; };
		4F81F8B719C36BE7000F58D7 /* Main.storyboard in Resources */ = {isa = PBXBuildFile; fileRef = 4F81F8B519C36BE7000F58D7 /* Main.storyboard */; };
		4F81F8BC19C36BE7000F58D7 /* Images.xcassets in Resources */ = {isa = PBXBuildFile; fileRef = 4F81F8BB19C36BE7000F58D7 /* Images.xcassets */; };
		4F81F8C319C36BE7000F58D7 /* XCTest.framework in Frameworks */ = {isa = PBXBuildFile; fileRef = 4F81F8C219C36BE7000F58D7 /* XCTest.framework */; };
		4F81F8C419C36BE7000F58D7 /* Foundation.framework in Frameworks */ = {isa = PBXBuildFile; fileRef = 4F81F8A319C36BE7000F58D7 /* Foundation.framework */; };
		4F81F8C519C36BE7000F58D7 /* UIKit.framework in Frameworks */ = {isa = PBXBuildFile; fileRef = 4F81F8A719C36BE7000F58D7 /* UIKit.framework */; };
		4F81F8CD19C36BE7000F58D7 /* InfoPlist.strings in Resources */ = {isa = PBXBuildFile; fileRef = 4F81F8CB19C36BE7000F58D7 /* InfoPlist.strings */; };
		4F81F8CF19C36BE7000F58D7 /* DoubleElminationTests.m in Sources */ = {isa = PBXBuildFile; fileRef = 4F81F8CE19C36BE7000F58D7 /* DoubleElminationTests.m */; };
		4F9E10BF19C36EB20058DDD3 /* MainViewController.m in Sources */ = {isa = PBXBuildFile; fileRef = 4F9E10BE19C36EB20058DDD3 /* MainViewController.m */; };
		4F9E10C219C36EEC0058DDD3 /* DecisionViewController.m in Sources */ = {isa = PBXBuildFile; fileRef = 4F9E10C119C36EEC0058DDD3 /* DecisionViewController.m */; };
		4F9E10C619C376BF0058DDD3 /* Team.m in Sources */ = {isa = PBXBuildFile; fileRef = 4F9E10C519C376BF0058DDD3 /* Team.m */; };
		4F9E10CA19C377C90058DDD3 /* ValidationUtility.m in Sources */ = {isa = PBXBuildFile; fileRef = 4F9E10C919C377C90058DDD3 /* ValidationUtility.m */; };
		4F9E10E219C379060058DDD3 /* AFHTTPRequestOperation.m in Sources */ = {isa = PBXBuildFile; fileRef = 4F9E10CE19C379060058DDD3 /* AFHTTPRequestOperation.m */; };
		4F9E10E319C379060058DDD3 /* AFHTTPRequestOperationManager.m in Sources */ = {isa = PBXBuildFile; fileRef = 4F9E10D019C379060058DDD3 /* AFHTTPRequestOperationManager.m */; };
		4F9E10E419C379060058DDD3 /* AFHTTPSessionManager.m in Sources */ = {isa = PBXBuildFile; fileRef = 4F9E10D219C379060058DDD3 /* AFHTTPSessionManager.m */; };
		4F9E10E519C379060058DDD3 /* AFNetworkReachabilityManager.m in Sources */ = {isa = PBXBuildFile; fileRef = 4F9E10D519C379060058DDD3 /* AFNetworkReachabilityManager.m */; };
		4F9E10E619C379060058DDD3 /* AFSecurityPolicy.m in Sources */ = {isa = PBXBuildFile; fileRef = 4F9E10D719C379060058DDD3 /* AFSecurityPolicy.m */; };
		4F9E10E719C379060058DDD3 /* AFURLConnectionOperation.m in Sources */ = {isa = PBXBuildFile; fileRef = 4F9E10D919C379060058DDD3 /* AFURLConnectionOperation.m */; };
		4F9E10E819C379060058DDD3 /* AFURLRequestSerialization.m in Sources */ = {isa = PBXBuildFile; fileRef = 4F9E10DB19C379060058DDD3 /* AFURLRequestSerialization.m */; };
		4F9E10E919C379060058DDD3 /* AFURLResponseSerialization.m in Sources */ = {isa = PBXBuildFile; fileRef = 4F9E10DD19C379060058DDD3 /* AFURLResponseSerialization.m */; };
		4F9E10EA19C379060058DDD3 /* AFURLSessionManager.m in Sources */ = {isa = PBXBuildFile; fileRef = 4F9E10DF19C379060058DDD3 /* AFURLSessionManager.m */; };
		4F9E10EB19C379060058DDD3 /* LICENSE in Resources */ = {isa = PBXBuildFile; fileRef = 4F9E10E019C379060058DDD3 /* LICENSE */; };
		4F9E10EC19C379060058DDD3 /* README.md in Resources */ = {isa = PBXBuildFile; fileRef = 4F9E10E119C379060058DDD3 /* README.md */; };
		4F9E10EF19C3791B0058DDD3 /* TeamManager.m in Sources */ = {isa = PBXBuildFile; fileRef = 4F9E10EE19C3791B0058DDD3 /* TeamManager.m */; };
		4F9E10F319C382660058DDD3 /* Game.m in Sources */ = {isa = PBXBuildFile; fileRef = 4F9E10F219C382660058DDD3 /* Game.m */; };
		4F9E10F619C382C90058DDD3 /* GameManager.m in Sources */ = {isa = PBXBuildFile; fileRef = 4F9E10F519C382C90058DDD3 /* GameManager.m */; };
		4F9E10F919C385210058DDD3 /* NSArray+Additions.m in Sources */ = {isa = PBXBuildFile; fileRef = 4F9E10F819C385210058DDD3 /* NSArray+Additions.m */; };
		4F9E10FC19C3874C0058DDD3 /* Utility.m in Sources */ = {isa = PBXBuildFile; fileRef = 4F9E10FB19C3874C0058DDD3 /* Utility.m */; };
		4F9E110019C389D20058DDD3 /* TeamImageView.m in Sources */ = {isa = PBXBuildFile; fileRef = 4F9E10FF19C389D20058DDD3 /* TeamImageView.m */; };
		4F9E110319C38A270058DDD3 /* TeamBracketView.m in Sources */ = {isa = PBXBuildFile; fileRef = 4F9E110219C38A270058DDD3 /* TeamBracketView.m */; };
		4F9E110619C38AB70058DDD3 /* UIImageView+AFNetworking.m in Sources */ = {isa = PBXBuildFile; fileRef = 4F9E110519C38AB70058DDD3 /* UIImageView+AFNetworking.m */; };
/* End PBXBuildFile section */

/* Begin PBXContainerItemProxy section */
		4F81F8C619C36BE7000F58D7 /* PBXContainerItemProxy */ = {
			isa = PBXContainerItemProxy;
			containerPortal = 4F81F89819C36BE7000F58D7 /* Project object */;
			proxyType = 1;
			remoteGlobalIDString = 4F81F89F19C36BE7000F58D7;
			remoteInfo = DoubleElmination;
		};
/* End PBXContainerItemProxy section */

/* Begin PBXFileReference section */
		4F81F8A019C36BE7000F58D7 /* DoubleElmination.app */ = {isa = PBXFileReference; explicitFileType = wrapper.application; includeInIndex = 0; path = DoubleElmination.app; sourceTree = BUILT_PRODUCTS_DIR; };
		4F81F8A319C36BE7000F58D7 /* Foundation.framework */ = {isa = PBXFileReference; lastKnownFileType = wrapper.framework; name = Foundation.framework; path = System/Library/Frameworks/Foundation.framework; sourceTree = SDKROOT; };
		4F81F8A519C36BE7000F58D7 /* CoreGraphics.framework */ = {isa = PBXFileReference; lastKnownFileType = wrapper.framework; name = CoreGraphics.framework; path = System/Library/Frameworks/CoreGraphics.framework; sourceTree = SDKROOT; };
		4F81F8A719C36BE7000F58D7 /* UIKit.framework */ = {isa = PBXFileReference; lastKnownFileType = wrapper.framework; name = UIKit.framework; path = System/Library/Frameworks/UIKit.framework; sourceTree = SDKROOT; };
		4F81F8AB19C36BE7000F58D7 /* DoubleElmination-Info.plist */ = {isa = PBXFileReference; lastKnownFileType = text.plist.xml; path = "DoubleElmination-Info.plist"; sourceTree = "<group>"; };
		4F81F8AD19C36BE7000F58D7 /* en */ = {isa = PBXFileReference; lastKnownFileType = text.plist.strings; name = en; path = en.lproj/InfoPlist.strings; sourceTree = "<group>"; };
		4F81F8AF19C36BE7000F58D7 /* main.m */ = {isa = PBXFileReference; lastKnownFileType = sourcecode.c.objc; path = main.m; sourceTree = "<group>"; };
		4F81F8B119C36BE7000F58D7 /* DoubleElmination-Prefix.pch */ = {isa = PBXFileReference; lastKnownFileType = sourcecode.c.h; path = "DoubleElmination-Prefix.pch"; sourceTree = "<group>"; };
		4F81F8B219C36BE7000F58D7 /* AppDelegate.h */ = {isa = PBXFileReference; lastKnownFileType = sourcecode.c.h; path = AppDelegate.h; sourceTree = "<group>"; };
		4F81F8B319C36BE7000F58D7 /* AppDelegate.m */ = {isa = PBXFileReference; lastKnownFileType = sourcecode.c.objc; path = AppDelegate.m; sourceTree = "<group>"; };
		4F81F8B619C36BE7000F58D7 /* Base */ = {isa = PBXFileReference; lastKnownFileType = file.storyboard; name = Base; path = Base.lproj/Main.storyboard; sourceTree = "<group>"; };
		4F81F8BB19C36BE7000F58D7 /* Images.xcassets */ = {isa = PBXFileReference; lastKnownFileType = folder.assetcatalog; path = Images.xcassets; sourceTree = "<group>"; };
		4F81F8C119C36BE7000F58D7 /* DoubleElminationTests.xctest */ = {isa = PBXFileReference; explicitFileType = wrapper.cfbundle; includeInIndex = 0; path = DoubleElminationTests.xctest; sourceTree = BUILT_PRODUCTS_DIR; };
		4F81F8C219C36BE7000F58D7 /* XCTest.framework */ = {isa = PBXFileReference; lastKnownFileType = wrapper.framework; name = XCTest.framework; path = Library/Frameworks/XCTest.framework; sourceTree = DEVELOPER_DIR; };
		4F81F8CA19C36BE7000F58D7 /* DoubleElminationTests-Info.plist */ = {isa = PBXFileReference; lastKnownFileType = text.plist.xml; path = "DoubleElminationTests-Info.plist"; sourceTree = "<group>"; };
		4F81F8CC19C36BE7000F58D7 /* en */ = {isa = PBXFileReference; lastKnownFileType = text.plist.strings; name = en; path = en.lproj/InfoPlist.strings; sourceTree = "<group>"; };
		4F81F8CE19C36BE7000F58D7 /* DoubleElminationTests.m */ = {isa = PBXFileReference; lastKnownFileType = sourcecode.c.objc; path = DoubleElminationTests.m; sourceTree = "<group>"; };
		4F9E10BD19C36EB20058DDD3 /* MainViewController.h */ = {isa = PBXFileReference; fileEncoding = 4; lastKnownFileType = sourcecode.c.h; path = MainViewController.h; sourceTree = "<group>"; };
		4F9E10BE19C36EB20058DDD3 /* MainViewController.m */ = {isa = PBXFileReference; fileEncoding = 4; lastKnownFileType = sourcecode.c.objc; path = MainViewController.m; sourceTree = "<group>"; };
		4F9E10C019C36EEC0058DDD3 /* DecisionViewController.h */ = {isa = PBXFileReference; fileEncoding = 4; lastKnownFileType = sourcecode.c.h; path = DecisionViewController.h; sourceTree = "<group>"; };
		4F9E10C119C36EEC0058DDD3 /* DecisionViewController.m */ = {isa = PBXFileReference; fileEncoding = 4; lastKnownFileType = sourcecode.c.objc; path = DecisionViewController.m; sourceTree = "<group>"; };
		4F9E10C419C376BF0058DDD3 /* Team.h */ = {isa = PBXFileReference; fileEncoding = 4; lastKnownFileType = sourcecode.c.h; path = Team.h; sourceTree = "<group>"; };
		4F9E10C519C376BF0058DDD3 /* Team.m */ = {isa = PBXFileReference; fileEncoding = 4; lastKnownFileType = sourcecode.c.objc; path = Team.m; sourceTree = "<group>"; };
		4F9E10C819C377C90058DDD3 /* ValidationUtility.h */ = {isa = PBXFileReference; fileEncoding = 4; lastKnownFileType = sourcecode.c.h; path = ValidationUtility.h; sourceTree = "<group>"; };
		4F9E10C919C377C90058DDD3 /* ValidationUtility.m */ = {isa = PBXFileReference; fileEncoding = 4; lastKnownFileType = sourcecode.c.objc; path = ValidationUtility.m; sourceTree = "<group>"; };
		4F9E10CD19C379060058DDD3 /* AFHTTPRequestOperation.h */ = {isa = PBXFileReference; fileEncoding = 4; lastKnownFileType = sourcecode.c.h; path = AFHTTPRequestOperation.h; sourceTree = "<group>"; };
		4F9E10CE19C379060058DDD3 /* AFHTTPRequestOperation.m */ = {isa = PBXFileReference; fileEncoding = 4; lastKnownFileType = sourcecode.c.objc; path = AFHTTPRequestOperation.m; sourceTree = "<group>"; };
		4F9E10CF19C379060058DDD3 /* AFHTTPRequestOperationManager.h */ = {isa = PBXFileReference; fileEncoding = 4; lastKnownFileType = sourcecode.c.h; path = AFHTTPRequestOperationManager.h; sourceTree = "<group>"; };
		4F9E10D019C379060058DDD3 /* AFHTTPRequestOperationManager.m */ = {isa = PBXFileReference; fileEncoding = 4; lastKnownFileType = sourcecode.c.objc; path = AFHTTPRequestOperationManager.m; sourceTree = "<group>"; };
		4F9E10D119C379060058DDD3 /* AFHTTPSessionManager.h */ = {isa = PBXFileReference; fileEncoding = 4; lastKnownFileType = sourcecode.c.h; path = AFHTTPSessionManager.h; sourceTree = "<group>"; };
		4F9E10D219C379060058DDD3 /* AFHTTPSessionManager.m */ = {isa = PBXFileReference; fileEncoding = 4; lastKnownFileType = sourcecode.c.objc; path = AFHTTPSessionManager.m; sourceTree = "<group>"; };
		4F9E10D319C379060058DDD3 /* AFNetworking.h */ = {isa = PBXFileReference; fileEncoding = 4; lastKnownFileType = sourcecode.c.h; path = AFNetworking.h; sourceTree = "<group>"; };
		4F9E10D419C379060058DDD3 /* AFNetworkReachabilityManager.h */ = {isa = PBXFileReference; fileEncoding = 4; lastKnownFileType = sourcecode.c.h; path = AFNetworkReachabilityManager.h; sourceTree = "<group>"; };
		4F9E10D519C379060058DDD3 /* AFNetworkReachabilityManager.m */ = {isa = PBXFileReference; fileEncoding = 4; lastKnownFileType = sourcecode.c.objc; path = AFNetworkReachabilityManager.m; sourceTree = "<group>"; };
		4F9E10D619C379060058DDD3 /* AFSecurityPolicy.h */ = {isa = PBXFileReference; fileEncoding = 4; lastKnownFileType = sourcecode.c.h; path = AFSecurityPolicy.h; sourceTree = "<group>"; };
		4F9E10D719C379060058DDD3 /* AFSecurityPolicy.m */ = {isa = PBXFileReference; fileEncoding = 4; lastKnownFileType = sourcecode.c.objc; path = AFSecurityPolicy.m; sourceTree = "<group>"; };
		4F9E10D819C379060058DDD3 /* AFURLConnectionOperation.h */ = {isa = PBXFileReference; fileEncoding = 4; lastKnownFileType = sourcecode.c.h; path = AFURLConnectionOperation.h; sourceTree = "<group>"; };
		4F9E10D919C379060058DDD3 /* AFURLConnectionOperation.m */ = {isa = PBXFileReference; fileEncoding = 4; lastKnownFileType = sourcecode.c.objc; path = AFURLConnectionOperation.m; sourceTree = "<group>"; };
		4F9E10DA19C379060058DDD3 /* AFURLRequestSerialization.h */ = {isa = PBXFileReference; fileEncoding = 4; lastKnownFileType = sourcecode.c.h; path = AFURLRequestSerialization.h; sourceTree = "<group>"; };
		4F9E10DB19C379060058DDD3 /* AFURLRequestSerialization.m */ = {isa = PBXFileReference; fileEncoding = 4; lastKnownFileType = sourcecode.c.objc; path = AFURLRequestSerialization.m; sourceTree = "<group>"; };
		4F9E10DC19C379060058DDD3 /* AFURLResponseSerialization.h */ = {isa = PBXFileReference; fileEncoding = 4; lastKnownFileType = sourcecode.c.h; path = AFURLResponseSerialization.h; sourceTree = "<group>"; };
		4F9E10DD19C379060058DDD3 /* AFURLResponseSerialization.m */ = {isa = PBXFileReference; fileEncoding = 4; lastKnownFileType = sourcecode.c.objc; path = AFURLResponseSerialization.m; sourceTree = "<group>"; };
		4F9E10DE19C379060058DDD3 /* AFURLSessionManager.h */ = {isa = PBXFileReference; fileEncoding = 4; lastKnownFileType = sourcecode.c.h; path = AFURLSessionManager.h; sourceTree = "<group>"; };
		4F9E10DF19C379060058DDD3 /* AFURLSessionManager.m */ = {isa = PBXFileReference; fileEncoding = 4; lastKnownFileType = sourcecode.c.objc; path = AFURLSessionManager.m; sourceTree = "<group>"; };
		4F9E10E019C379060058DDD3 /* LICENSE */ = {isa = PBXFileReference; fileEncoding = 4; lastKnownFileType = text; path = LICENSE; sourceTree = "<group>"; };
		4F9E10E119C379060058DDD3 /* README.md */ = {isa = PBXFileReference; fileEncoding = 4; lastKnownFileType = text; path = README.md; sourceTree = "<group>"; };
		4F9E10ED19C3791B0058DDD3 /* TeamManager.h */ = {isa = PBXFileReference; fileEncoding = 4; lastKnownFileType = sourcecode.c.h; path = TeamManager.h; sourceTree = "<group>"; };
		4F9E10EE19C3791B0058DDD3 /* TeamManager.m */ = {isa = PBXFileReference; fileEncoding = 4; lastKnownFileType = sourcecode.c.objc; path = TeamManager.m; sourceTree = "<group>"; };
		4F9E10F019C379BD0058DDD3 /* Constant.h */ = {isa = PBXFileReference; lastKnownFileType = sourcecode.c.h; path = Constant.h; sourceTree = "<group>"; };
		4F9E10F119C382660058DDD3 /* Game.h */ = {isa = PBXFileReference; fileEncoding = 4; lastKnownFileType = sourcecode.c.h; path = Game.h; sourceTree = "<group>"; };
		4F9E10F219C382660058DDD3 /* Game.m */ = {isa = PBXFileReference; fileEncoding = 4; lastKnownFileType = sourcecode.c.objc; path = Game.m; sourceTree = "<group>"; };
		4F9E10F419C382C90058DDD3 /* GameManager.h */ = {isa = PBXFileReference; fileEncoding = 4; lastKnownFileType = sourcecode.c.h; path = GameManager.h; sourceTree = "<group>"; };
		4F9E10F519C382C90058DDD3 /* GameManager.m */ = {isa = PBXFileReference; fileEncoding = 4; lastKnownFileType = sourcecode.c.objc; path = GameManager.m; sourceTree = "<group>"; };
		4F9E10F719C385210058DDD3 /* NSArray+Additions.h */ = {isa = PBXFileReference; fileEncoding = 4; lastKnownFileType = sourcecode.c.h; path = "NSArray+Additions.h"; sourceTree = "<group>"; };
		4F9E10F819C385210058DDD3 /* NSArray+Additions.m */ = {isa = PBXFileReference; fileEncoding = 4; lastKnownFileType = sourcecode.c.objc; path = "NSArray+Additions.m"; sourceTree = "<group>"; };
		4F9E10FA19C3874C0058DDD3 /* Utility.h */ = {isa = PBXFileReference; fileEncoding = 4; lastKnownFileType = sourcecode.c.h; path = Utility.h; sourceTree = "<group>"; };
		4F9E10FB19C3874C0058DDD3 /* Utility.m */ = {isa = PBXFileReference; fileEncoding = 4; lastKnownFileType = sourcecode.c.objc; path = Utility.m; sourceTree = "<group>"; };
		4F9E10FE19C389D20058DDD3 /* TeamImageView.h */ = {isa = PBXFileReference; fileEncoding = 4; lastKnownFileType = sourcecode.c.h; path = TeamImageView.h; sourceTree = "<group>"; };
		4F9E10FF19C389D20058DDD3 /* TeamImageView.m */ = {isa = PBXFileReference; fileEncoding = 4; lastKnownFileType = sourcecode.c.objc; path = TeamImageView.m; sourceTree = "<group>"; };
		4F9E110119C38A270058DDD3 /* TeamBracketView.h */ = {isa = PBXFileReference; fileEncoding = 4; lastKnownFileType = sourcecode.c.h; path = TeamBracketView.h; sourceTree = "<group>"; };
		4F9E110219C38A270058DDD3 /* TeamBracketView.m */ = {isa = PBXFileReference; fileEncoding = 4; lastKnownFileType = sourcecode.c.objc; path = TeamBracketView.m; sourceTree = "<group>"; };
		4F9E110419C38AB70058DDD3 /* UIImageView+AFNetworking.h */ = {isa = PBXFileReference; fileEncoding = 4; lastKnownFileType = sourcecode.c.h; path = "UIImageView+AFNetworking.h"; sourceTree = "<group>"; };
		4F9E110519C38AB70058DDD3 /* UIImageView+AFNetworking.m */ = {isa = PBXFileReference; fileEncoding = 4; lastKnownFileType = sourcecode.c.objc; path = "UIImageView+AFNetworking.m"; sourceTree = "<group>"; };
/* End PBXFileReference section */

/* Begin PBXFrameworksBuildPhase section */
		4F81F89D19C36BE7000F58D7 /* Frameworks */ = {
			isa = PBXFrameworksBuildPhase;
			buildActionMask = 2147483647;
			files = (
				4F81F8A619C36BE7000F58D7 /* CoreGraphics.framework in Frameworks */,
				4F81F8A819C36BE7000F58D7 /* UIKit.framework in Frameworks */,
				4F81F8A419C36BE7000F58D7 /* Foundation.framework in Frameworks */,
			);
			runOnlyForDeploymentPostprocessing = 0;
		};
		4F81F8BE19C36BE7000F58D7 /* Frameworks */ = {
			isa = PBXFrameworksBuildPhase;
			buildActionMask = 2147483647;
			files = (
				4F81F8C319C36BE7000F58D7 /* XCTest.framework in Frameworks */,
				4F81F8C519C36BE7000F58D7 /* UIKit.framework in Frameworks */,
				4F81F8C419C36BE7000F58D7 /* Foundation.framework in Frameworks */,
			);
			runOnlyForDeploymentPostprocessing = 0;
		};
/* End PBXFrameworksBuildPhase section */

/* Begin PBXGroup section */
		4F81F89719C36BE7000F58D7 = {
			isa = PBXGroup;
			children = (
				4F81F8A919C36BE7000F58D7 /* DoubleElmination */,
				4F81F8C819C36BE7000F58D7 /* DoubleElminationTests */,
				4F81F8A219C36BE7000F58D7 /* Frameworks */,
				4F81F8A119C36BE7000F58D7 /* Products */,
			);
			sourceTree = "<group>";
		};
		4F81F8A119C36BE7000F58D7 /* Products */ = {
			isa = PBXGroup;
			children = (
				4F81F8A019C36BE7000F58D7 /* DoubleElmination.app */,
				4F81F8C119C36BE7000F58D7 /* DoubleElminationTests.xctest */,
			);
			name = Products;
			sourceTree = "<group>";
		};
		4F81F8A219C36BE7000F58D7 /* Frameworks */ = {
			isa = PBXGroup;
			children = (
				4F81F8A319C36BE7000F58D7 /* Foundation.framework */,
				4F81F8A519C36BE7000F58D7 /* CoreGraphics.framework */,
				4F81F8A719C36BE7000F58D7 /* UIKit.framework */,
				4F81F8C219C36BE7000F58D7 /* XCTest.framework */,
			);
			name = Frameworks;
			sourceTree = "<group>";
		};
		4F81F8A919C36BE7000F58D7 /* DoubleElmination */ = {
			isa = PBXGroup;
			children = (
				4F9E10FD19C389C10058DDD3 /* View */,
				4F9E10CB19C379060058DDD3 /* External */,
				4F9E10C719C377B80058DDD3 /* Utilities */,
				4F9E10C319C376B40058DDD3 /* Model */,
				4F9E10BC19C36E980058DDD3 /* Managers */,
				4F9E10BB19C36E8F0058DDD3 /* ViewControllers */,
				4F81F8B219C36BE7000F58D7 /* AppDelegate.h */,
				4F81F8B319C36BE7000F58D7 /* AppDelegate.m */,
				4F81F8B519C36BE7000F58D7 /* Main.storyboard */,
				4F81F8BB19C36BE7000F58D7 /* Images.xcassets */,
				4F81F8AA19C36BE7000F58D7 /* Supporting Files */,
			);
			path = DoubleElmination;
			sourceTree = "<group>";
		};
		4F81F8AA19C36BE7000F58D7 /* Supporting Files */ = {
			isa = PBXGroup;
			children = (
				4F81F8AB19C36BE7000F58D7 /* DoubleElmination-Info.plist */,
				4F81F8AC19C36BE7000F58D7 /* InfoPlist.strings */,
				4F81F8AF19C36BE7000F58D7 /* main.m */,
				4F81F8B119C36BE7000F58D7 /* DoubleElmination-Prefix.pch */,
			);
			name = "Supporting Files";
			sourceTree = "<group>";
		};
		4F81F8C819C36BE7000F58D7 /* DoubleElminationTests */ = {
			isa = PBXGroup;
			children = (
				4F81F8CE19C36BE7000F58D7 /* DoubleElminationTests.m */,
				4F81F8C919C36BE7000F58D7 /* Supporting Files */,
			);
			path = DoubleElminationTests;
			sourceTree = "<group>";
		};
		4F81F8C919C36BE7000F58D7 /* Supporting Files */ = {
			isa = PBXGroup;
			children = (
				4F81F8CA19C36BE7000F58D7 /* DoubleElminationTests-Info.plist */,
				4F81F8CB19C36BE7000F58D7 /* InfoPlist.strings */,
			);
			name = "Supporting Files";
			sourceTree = "<group>";
		};
		4F9E10BB19C36E8F0058DDD3 /* ViewControllers */ = {
			isa = PBXGroup;
			children = (
				4F9E10BD19C36EB20058DDD3 /* MainViewController.h */,
				4F9E10BE19C36EB20058DDD3 /* MainViewController.m */,
				4F9E10C019C36EEC0058DDD3 /* DecisionViewController.h */,
				4F9E10C119C36EEC0058DDD3 /* DecisionViewController.m */,
			);
			name = ViewControllers;
			sourceTree = "<group>";
		};
		4F9E10BC19C36E980058DDD3 /* Managers */ = {
			isa = PBXGroup;
			children = (
				4F9E10F019C379BD0058DDD3 /* Constant.h */,
				4F9E10ED19C3791B0058DDD3 /* TeamManager.h */,
				4F9E10EE19C3791B0058DDD3 /* TeamManager.m */,
				4F9E10F419C382C90058DDD3 /* GameManager.h */,
				4F9E10F519C382C90058DDD3 /* GameManager.m */,
			);
			name = Managers;
			sourceTree = "<group>";
		};
		4F9E10C319C376B40058DDD3 /* Model */ = {
			isa = PBXGroup;
			children = (
				4F9E10C419C376BF0058DDD3 /* Team.h */,
				4F9E10C519C376BF0058DDD3 /* Team.m */,
				4F9E10F119C382660058DDD3 /* Game.h */,
				4F9E10F219C382660058DDD3 /* Game.m */,
			);
			name = Model;
			sourceTree = "<group>";
		};
		4F9E10C719C377B80058DDD3 /* Utilities */ = {
			isa = PBXGroup;
			children = (
				4F9E10C819C377C90058DDD3 /* ValidationUtility.h */,
				4F9E10C919C377C90058DDD3 /* ValidationUtility.m */,
				4F9E10F719C385210058DDD3 /* NSArray+Additions.h */,
				4F9E10F819C385210058DDD3 /* NSArray+Additions.m */,
				4F9E10FA19C3874C0058DDD3 /* Utility.h */,
				4F9E10FB19C3874C0058DDD3 /* Utility.m */,
			);
			name = Utilities;
			sourceTree = "<group>";
		};
		4F9E10CB19C379060058DDD3 /* External */ = {
			isa = PBXGroup;
			children = (
				4F9E10CC19C379060058DDD3 /* AFNetworking */,
				4F9E10E019C379060058DDD3 /* LICENSE */,
				4F9E10E119C379060058DDD3 /* README.md */,
			);
			path = External;
			sourceTree = "<group>";
		};
		4F9E10CC19C379060058DDD3 /* AFNetworking */ = {
			isa = PBXGroup;
			children = (
				4F9E110419C38AB70058DDD3 /* UIImageView+AFNetworking.h */,
				4F9E110519C38AB70058DDD3 /* UIImageView+AFNetworking.m */,
				4F9E10CD19C379060058DDD3 /* AFHTTPRequestOperation.h */,
				4F9E10CE19C379060058DDD3 /* AFHTTPRequestOperation.m */,
				4F9E10CF19C379060058DDD3 /* AFHTTPRequestOperationManager.h */,
				4F9E10D019C379060058DDD3 /* AFHTTPRequestOperationManager.m */,
				4F9E10D119C379060058DDD3 /* AFHTTPSessionManager.h */,
				4F9E10D219C379060058DDD3 /* AFHTTPSessionManager.m */,
				4F9E10D319C379060058DDD3 /* AFNetworking.h */,
				4F9E10D419C379060058DDD3 /* AFNetworkReachabilityManager.h */,
				4F9E10D519C379060058DDD3 /* AFNetworkReachabilityManager.m */,
				4F9E10D619C379060058DDD3 /* AFSecurityPolicy.h */,
				4F9E10D719C379060058DDD3 /* AFSecurityPolicy.m */,
				4F9E10D819C379060058DDD3 /* AFURLConnectionOperation.h */,
				4F9E10D919C379060058DDD3 /* AFURLConnectionOperation.m */,
				4F9E10DA19C379060058DDD3 /* AFURLRequestSerialization.h */,
				4F9E10DB19C379060058DDD3 /* AFURLRequestSerialization.m */,
				4F9E10DC19C379060058DDD3 /* AFURLResponseSerialization.h */,
				4F9E10DD19C379060058DDD3 /* AFURLResponseSerialization.m */,
				4F9E10DE19C379060058DDD3 /* AFURLSessionManager.h */,
				4F9E10DF19C379060058DDD3 /* AFURLSessionManager.m */,
			);
			path = AFNetworking;
			sourceTree = "<group>";
		};
		4F9E10FD19C389C10058DDD3 /* View */ = {
			isa = PBXGroup;
			children = (
				4F9E10FE19C389D20058DDD3 /* TeamImageView.h */,
				4F9E10FF19C389D20058DDD3 /* TeamImageView.m */,
				4F9E110119C38A270058DDD3 /* TeamBracketView.h */,
				4F9E110219C38A270058DDD3 /* TeamBracketView.m */,
			);
			name = View;
			sourceTree = "<group>";
		};
/* End PBXGroup section */

/* Begin PBXNativeTarget section */
		4F81F89F19C36BE7000F58D7 /* DoubleElmination */ = {
			isa = PBXNativeTarget;
			buildConfigurationList = 4F81F8D219C36BE7000F58D7 /* Build configuration list for PBXNativeTarget "DoubleElmination" */;
			buildPhases = (
				4F81F89C19C36BE7000F58D7 /* Sources */,
				4F81F89D19C36BE7000F58D7 /* Frameworks */,
				4F81F89E19C36BE7000F58D7 /* Resources */,
			);
			buildRules = (
			);
			dependencies = (
			);
			name = DoubleElmination;
			productName = DoubleElmination;
			productReference = 4F81F8A019C36BE7000F58D7 /* DoubleElmination.app */;
			productType = "com.apple.product-type.application";
		};
		4F81F8C019C36BE7000F58D7 /* DoubleElminationTests */ = {
			isa = PBXNativeTarget;
			buildConfigurationList = 4F81F8D519C36BE7000F58D7 /* Build configuration list for PBXNativeTarget "DoubleElminationTests" */;
			buildPhases = (
				4F81F8BD19C36BE7000F58D7 /* Sources */,
				4F81F8BE19C36BE7000F58D7 /* Frameworks */,
				4F81F8BF19C36BE7000F58D7 /* Resources */,
			);
			buildRules = (
			);
			dependencies = (
				4F81F8C719C36BE7000F58D7 /* PBXTargetDependency */,
			);
			name = DoubleElminationTests;
			productName = DoubleElminationTests;
			productReference = 4F81F8C119C36BE7000F58D7 /* DoubleElminationTests.xctest */;
			productType = "com.apple.product-type.bundle.unit-test";
		};
/* End PBXNativeTarget section */

/* Begin PBXProject section */
		4F81F89819C36BE7000F58D7 /* Project object */ = {
			isa = PBXProject;
			attributes = {
				LastUpgradeCheck = 0510;
				TargetAttributes = {
					4F81F8C019C36BE7000F58D7 = {
						TestTargetID = 4F81F89F19C36BE7000F58D7;
					};
				};
			};
			buildConfigurationList = 4F81F89B19C36BE7000F58D7 /* Build configuration list for PBXProject "DoubleElmination" */;
			compatibilityVersion = "Xcode 3.2";
			developmentRegion = English;
			hasScannedForEncodings = 0;
			knownRegions = (
				en,
				Base,
			);
			mainGroup = 4F81F89719C36BE7000F58D7;
			productRefGroup = 4F81F8A119C36BE7000F58D7 /* Products */;
			projectDirPath = "";
			projectRoot = "";
			targets = (
				4F81F89F19C36BE7000F58D7 /* DoubleElmination */,
				4F81F8C019C36BE7000F58D7 /* DoubleElminationTests */,
			);
		};
/* End PBXProject section */

/* Begin PBXResourcesBuildPhase section */
		4F81F89E19C36BE7000F58D7 /* Resources */ = {
			isa = PBXResourcesBuildPhase;
			buildActionMask = 2147483647;
			files = (
				4F81F8BC19C36BE7000F58D7 /* Images.xcassets in Resources */,
				4F81F8AE19C36BE7000F58D7 /* InfoPlist.strings in Resources */,
				4F9E10EC19C379060058DDD3 /* README.md in Resources */,
				4F9E10EB19C379060058DDD3 /* LICENSE in Resources */,
				4F81F8B719C36BE7000F58D7 /* Main.storyboard in Resources */,
			);
			runOnlyForDeploymentPostprocessing = 0;
		};
		4F81F8BF19C36BE7000F58D7 /* Resources */ = {
			isa = PBXResourcesBuildPhase;
			buildActionMask = 2147483647;
			files = (
				4F81F8CD19C36BE7000F58D7 /* InfoPlist.strings in Resources */,
			);
			runOnlyForDeploymentPostprocessing = 0;
		};
/* End PBXResourcesBuildPhase section */

/* Begin PBXSourcesBuildPhase section */
		4F81F89C19C36BE7000F58D7 /* Sources */ = {
			isa = PBXSourcesBuildPhase;
			buildActionMask = 2147483647;
			files = (
				4F9E10E719C379060058DDD3 /* AFURLConnectionOperation.m in Sources */,
				4F9E10C219C36EEC0058DDD3 /* DecisionViewController.m in Sources */,
				4F9E10EF19C3791B0058DDD3 /* TeamManager.m in Sources */,
				4F9E10FC19C3874C0058DDD3 /* Utility.m in Sources */,
				4F9E10F919C385210058DDD3 /* NSArray+Additions.m in Sources */,
				4F81F8B419C36BE7000F58D7 /* AppDelegate.m in Sources */,
				4F9E10F619C382C90058DDD3 /* GameManager.m in Sources */,
				4F9E10E919C379060058DDD3 /* AFURLResponseSerialization.m in Sources */,
				4F9E110019C389D20058DDD3 /* TeamImageView.m in Sources */,
				4F81F8B019C36BE7000F58D7 /* main.m in Sources */,
				4F9E110319C38A270058DDD3 /* TeamBracketView.m in Sources */,
				4F9E10E819C379060058DDD3 /* AFURLRequestSerialization.m in Sources */,
				4F9E10E619C379060058DDD3 /* AFSecurityPolicy.m in Sources */,
				4F9E10F319C382660058DDD3 /* Game.m in Sources */,
				4F9E10E219C379060058DDD3 /* AFHTTPRequestOperation.m in Sources */,
				4F9E10EA19C379060058DDD3 /* AFURLSessionManager.m in Sources */,
				4F9E10CA19C377C90058DDD3 /* ValidationUtility.m in Sources */,
				4F9E10C619C376BF0058DDD3 /* Team.m in Sources */,
				4F9E110619C38AB70058DDD3 /* UIImageView+AFNetworking.m in Sources */,
				4F9E10E419C379060058DDD3 /* AFHTTPSessionManager.m in Sources */,
				4F9E10BF19C36EB20058DDD3 /* MainViewController.m in Sources */,
				4F9E10E519C379060058DDD3 /* AFNetworkReachabilityManager.m in Sources */,
				4F9E10E319C379060058DDD3 /* AFHTTPRequestOperationManager.m in Sources */,
			);
			runOnlyForDeploymentPostprocessing = 0;
		};
		4F81F8BD19C36BE7000F58D7 /* Sources */ = {
			isa = PBXSourcesBuildPhase;
			buildActionMask = 2147483647;
			files = (
				4F81F8CF19C36BE7000F58D7 /* DoubleElminationTests.m in Sources */,
			);
			runOnlyForDeploymentPostprocessing = 0;
		};
/* End PBXSourcesBuildPhase section */

/* Begin PBXTargetDependency section */
		4F81F8C719C36BE7000F58D7 /* PBXTargetDependency */ = {
			isa = PBXTargetDependency;
			target = 4F81F89F19C36BE7000F58D7 /* DoubleElmination */;
			targetProxy = 4F81F8C619C36BE7000F58D7 /* PBXContainerItemProxy */;
		};
/* End PBXTargetDependency section */

/* Begin PBXVariantGroup section */
		4F81F8AC19C36BE7000F58D7 /* InfoPlist.strings */ = {
			isa = PBXVariantGroup;
			children = (
				4F81F8AD19C36BE7000F58D7 /* en */,
			);
			name = InfoPlist.strings;
			sourceTree = "<group>";
		};
		4F81F8B519C36BE7000F58D7 /* Main.storyboard */ = {
			isa = PBXVariantGroup;
			children = (
				4F81F8B619C36BE7000F58D7 /* Base */,
			);
			name = Main.storyboard;
			sourceTree = "<group>";
		};
		4F81F8CB19C36BE7000F58D7 /* InfoPlist.strings */ = {
			isa = PBXVariantGroup;
			children = (
				4F81F8CC19C36BE7000F58D7 /* en */,
			);
			name = InfoPlist.strings;
			sourceTree = "<group>";
		};
/* End PBXVariantGroup section */

/* Begin XCBuildConfiguration section */
		4F81F8D019C36BE7000F58D7 /* Debug */ = {
			isa = XCBuildConfiguration;
			buildSettings = {
				ALWAYS_SEARCH_USER_PATHS = NO;
				CLANG_CXX_LANGUAGE_STANDARD = "gnu++0x";
				CLANG_CXX_LIBRARY = "libc++";
				CLANG_ENABLE_MODULES = YES;
				CLANG_ENABLE_OBJC_ARC = YES;
				CLANG_WARN_BOOL_CONVERSION = YES;
				CLANG_WARN_CONSTANT_CONVERSION = YES;
				CLANG_WARN_DIRECT_OBJC_ISA_USAGE = YES_ERROR;
				CLANG_WARN_EMPTY_BODY = YES;
				CLANG_WARN_ENUM_CONVERSION = YES;
				CLANG_WARN_INT_CONVERSION = YES;
				CLANG_WARN_OBJC_ROOT_CLASS = YES_ERROR;
				CLANG_WARN__DUPLICATE_METHOD_MATCH = YES;
				"CODE_SIGN_IDENTITY[sdk=iphoneos*]" = "iPhone Developer";
				COPY_PHASE_STRIP = NO;
				GCC_C_LANGUAGE_STANDARD = gnu99;
				GCC_DYNAMIC_NO_PIC = NO;
				GCC_OPTIMIZATION_LEVEL = 0;
				GCC_PREPROCESSOR_DEFINITIONS = (
					"DEBUG=1",
					"$(inherited)",
				);
				GCC_SYMBOLS_PRIVATE_EXTERN = NO;
				GCC_WARN_64_TO_32_BIT_CONVERSION = YES;
				GCC_WARN_ABOUT_RETURN_TYPE = YES_ERROR;
				GCC_WARN_UNDECLARED_SELECTOR = YES;
				GCC_WARN_UNINITIALIZED_AUTOS = YES_AGGRESSIVE;
				GCC_WARN_UNUSED_FUNCTION = YES;
				GCC_WARN_UNUSED_VARIABLE = YES;
				IPHONEOS_DEPLOYMENT_TARGET = 7.1;
				ONLY_ACTIVE_ARCH = YES;
				SDKROOT = iphoneos;
			};
			name = Debug;
		};
		4F81F8D119C36BE7000F58D7 /* Release */ = {
			isa = XCBuildConfiguration;
			buildSettings = {
				ALWAYS_SEARCH_USER_PATHS = NO;
				CLANG_CXX_LANGUAGE_STANDARD = "gnu++0x";
				CLANG_CXX_LIBRARY = "libc++";
				CLANG_ENABLE_MODULES = YES;
				CLANG_ENABLE_OBJC_ARC = YES;
				CLANG_WARN_BOOL_CONVERSION = YES;
				CLANG_WARN_CONSTANT_CONVERSION = YES;
				CLANG_WARN_DIRECT_OBJC_ISA_USAGE = YES_ERROR;
				CLANG_WARN_EMPTY_BODY = YES;
				CLANG_WARN_ENUM_CONVERSION = YES;
				CLANG_WARN_INT_CONVERSION = YES;
				CLANG_WARN_OBJC_ROOT_CLASS = YES_ERROR;
				CLANG_WARN__DUPLICATE_METHOD_MATCH = YES;
				"CODE_SIGN_IDENTITY[sdk=iphoneos*]" = "iPhone Developer";
				COPY_PHASE_STRIP = YES;
				ENABLE_NS_ASSERTIONS = NO;
				GCC_C_LANGUAGE_STANDARD = gnu99;
				GCC_WARN_64_TO_32_BIT_CONVERSION = YES;
				GCC_WARN_ABOUT_RETURN_TYPE = YES_ERROR;
				GCC_WARN_UNDECLARED_SELECTOR = YES;
				GCC_WARN_UNINITIALIZED_AUTOS = YES_AGGRESSIVE;
				GCC_WARN_UNUSED_FUNCTION = YES;
				GCC_WARN_UNUSED_VARIABLE = YES;
				IPHONEOS_DEPLOYMENT_TARGET = 7.1;
				SDKROOT = iphoneos;
				VALIDATE_PRODUCT = YES;
			};
			name = Release;
		};
		4F81F8D319C36BE7000F58D7 /* Debug */ = {
			isa = XCBuildConfiguration;
			buildSettings = {
				ASSETCATALOG_COMPILER_APPICON_NAME = AppIcon;
				ASSETCATALOG_COMPILER_LAUNCHIMAGE_NAME = LaunchImage;
				GCC_PRECOMPILE_PREFIX_HEADER = YES;
				GCC_PREFIX_HEADER = "DoubleElmination/DoubleElmination-Prefix.pch";
				INFOPLIST_FILE = "DoubleElmination/DoubleElmination-Info.plist";
				PRODUCT_NAME = "$(TARGET_NAME)";
				WRAPPER_EXTENSION = app;
			};
			name = Debug;
		};
		4F81F8D419C36BE7000F58D7 /* Release */ = {
			isa = XCBuildConfiguration;
			buildSettings = {
				ASSETCATALOG_COMPILER_APPICON_NAME = AppIcon;
				ASSETCATALOG_COMPILER_LAUNCHIMAGE_NAME = LaunchImage;
				GCC_PRECOMPILE_PREFIX_HEADER = YES;
				GCC_PREFIX_HEADER = "DoubleElmination/DoubleElmination-Prefix.pch";
				INFOPLIST_FILE = "DoubleElmination/DoubleElmination-Info.plist";
				PRODUCT_NAME = "$(TARGET_NAME)";
				WRAPPER_EXTENSION = app;
			};
			name = Release;
		};
		4F81F8D619C36BE7000F58D7 /* Debug */ = {
			isa = XCBuildConfiguration;
			buildSettings = {
				BUNDLE_LOADER = "$(BUILT_PRODUCTS_DIR)/DoubleElmination.app/DoubleElmination";
				FRAMEWORK_SEARCH_PATHS = (
					"$(SDKROOT)/Developer/Library/Frameworks",
					"$(inherited)",
					"$(DEVELOPER_FRAMEWORKS_DIR)",
				);
				GCC_PRECOMPILE_PREFIX_HEADER = YES;
				GCC_PREFIX_HEADER = "DoubleElmination/DoubleElmination-Prefix.pch";
				GCC_PREPROCESSOR_DEFINITIONS = (
					"DEBUG=1",
					"$(inherited)",
				);
				INFOPLIST_FILE = "DoubleElminationTests/DoubleElminationTests-Info.plist";
				PRODUCT_NAME = "$(TARGET_NAME)";
				TEST_HOST = "$(BUNDLE_LOADER)";
				WRAPPER_EXTENSION = xctest;
			};
			name = Debug;
		};
		4F81F8D719C36BE7000F58D7 /* Release */ = {
			isa = XCBuildConfiguration;
			buildSettings = {
				BUNDLE_LOADER = "$(BUILT_PRODUCTS_DIR)/DoubleElmination.app/DoubleElmination";
				FRAMEWORK_SEARCH_PATHS = (
					"$(SDKROOT)/Developer/Library/Frameworks",
					"$(inherited)",
					"$(DEVELOPER_FRAMEWORKS_DIR)",
				);
				GCC_PRECOMPILE_PREFIX_HEADER = YES;
				GCC_PREFIX_HEADER = "DoubleElmination/DoubleElmination-Prefix.pch";
				INFOPLIST_FILE = "DoubleElminationTests/DoubleElminationTests-Info.plist";
				PRODUCT_NAME = "$(TARGET_NAME)";
				TEST_HOST = "$(BUNDLE_LOADER)";
				WRAPPER_EXTENSION = xctest;
			};
			name = Release;
		};
/* End XCBuildConfiguration section */

/* Begin XCConfigurationList section */
		4F81F89B19C36BE7000F58D7 /* Build configuration list for PBXProject "DoubleElmination" */ = {
			isa = XCConfigurationList;
			buildConfigurations = (
				4F81F8D019C36BE7000F58D7 /* Debug */,
				4F81F8D119C36BE7000F58D7 /* Release */,
			);
			defaultConfigurationIsVisible = 0;
			defaultConfigurationName = Release;
		};
		4F81F8D219C36BE7000F58D7 /* Build configuration list for PBXNativeTarget "DoubleElmination" */ = {
			isa = XCConfigurationList;
			buildConfigurations = (
				4F81F8D319C36BE7000F58D7 /* Debug */,
				4F81F8D419C36BE7000F58D7 /* Release */,
			);
			defaultConfigurationIsVisible = 0;
			defaultConfigurationName = Release;
		};
		4F81F8D519C36BE7000F58D7 /* Build configuration list for PBXNativeTarget "DoubleElminationTests" */ = {
			isa = XCConfigurationList;
			buildConfigurations = (
				4F81F8D619C36BE7000F58D7 /* Debug */,
				4F81F8D719C36BE7000F58D7 /* Release */,
			);
			defaultConfigurationIsVisible = 0;
			defaultConfigurationName = Release;
		};
/* End XCConfigurationList section */
	};
	rootObject = 4F81F89819C36BE7000F58D7 /* Project object */;
}
